
Microsoft Visual Studio Solution File, Format Version 12.00
# Visual Studio Version 16
VisualStudioVersion = 16.0.30907.101
MinimumVisualStudioVersion = 10.0.40219.1
Project("{FAE04EC0-301F-11D3-BF4B-00C04F79EFBC}") = "CPTech.Extensions.Logging.File", "CPTech.Extensions.Logging.File\CPTech.Extensions.Logging.File.csproj", "{6125D2B5-749B-4AFE-AD50-876AB55006F3}"
EndProject
Global
	GlobalSection(SolutionConfigurationPlatforms) = preSolution
		Debug|Any CPU = Debug|Any CPU
		Release|Any CPU = Release|Any CPU
	EndGlobalSection
	GlobalSection(ProjectConfigurationPlatforms) = postSolution
		{6125D2B5-749B-4AFE-AD50-876AB55006F3}.Debug|Any CPU.ActiveCfg = Debug|Any CPU
		{6125D2B5-749B-4AFE-AD50-876AB55006F3}.Debug|Any CPU.Build.0 = Debug|Any CPU
		{6125D2B5-749B-4AFE-AD50-876AB55006F3}.Release|Any CPU.ActiveCfg = Release|Any CPU
		{6125D2B5-749B-4AFE-AD50-876AB55006F3}.Release|Any CPU.Build.0 = Release|Any CPU
	EndGlobalSection
	GlobalSection(SolutionProperties) = preSolution
		HideSolutionNode = FALSE
	EndGlobalSection
	GlobalSection(ExtensibilityGlobals) = postSolution
		SolutionGuid = {47DBC3C2-0AB1-4B5E-A8A8-907A100CECDA}
	EndGlobalSection
EndGlobal
